
Microsoft Visual Studio Solution File, Format Version 12.00
# Visual Studio Version 16
VisualStudioVersion = 16.0.30611.23
MinimumVisualStudioVersion = 10.0.40219.1
Project("{FAE04EC0-301F-11D3-BF4B-00C04F79EFBC}") = "LearnEFCORE", "LearnEFCORE\LearnEFCORE.csproj", "{A8378C0A-9064-430C-9DC0-773545F38306}"
EndProject
Project("{FAE04EC0-301F-11D3-BF4B-00C04F79EFBC}") = "DbEfCore", "DbEfCore\DbEfCore.csproj", "{BC0856A9-8C5E-4E41-BEC6-8225D014DAB6}"
EndProject
Global
	GlobalSection(SolutionConfigurationPlatforms) = preSolution
		Debug|Any CPU = Debug|Any CPU
		Release|Any CPU = Release|Any CPU
	EndGlobalSection
	GlobalSection(ProjectConfigurationPlatforms) = postSolution
		{A8378C0A-9064-430C-9DC0-773545F38306}.Debug|Any CPU.ActiveCfg = Debug|Any CPU
		{A8378C0A-9064-430C-9DC0-773545F38306}.Debug|Any CPU.Build.0 = Debug|Any CPU
		{A8378C0A-9064-430C-9DC0-773545F38306}.Release|Any CPU.ActiveCfg = Release|Any CPU
		{A8378C0A-9064-430C-9DC0-773545F38306}.Release|Any CPU.Build.0 = Release|Any CPU
		{BC0856A9-8C5E-4E41-BEC6-8225D014DAB6}.Debug|Any CPU.ActiveCfg = Debug|Any CPU
		{BC0856A9-8C5E-4E41-BEC6-8225D014DAB6}.Debug|Any CPU.Build.0 = Debug|Any CPU
		{BC0856A9-8C5E-4E41-BEC6-8225D014DAB6}.Release|Any CPU.ActiveCfg = Release|Any CPU
		{BC0856A9-8C5E-4E41-BEC6-8225D014DAB6}.Release|Any CPU.Build.0 = Release|Any CPU
	EndGlobalSection
	GlobalSection(SolutionProperties) = preSolution
		HideSolutionNode = FALSE
	EndGlobalSection
	GlobalSection(ExtensibilityGlobals) = postSolution
		SolutionGuid = {B70861CE-F2E1-4F3D-A9CD-5F0D3C07D324}
	EndGlobalSection
EndGlobal
