
Microsoft Visual Studio Solution File, Format Version 12.00
# Visual Studio Version 16
VisualStudioVersion = 16.0.30611.23
MinimumVisualStudioVersion = 10.0.40219.1
Project("{9A19103F-16F7-4668-BE54-9A1E7A4F7556}") = "TSBot.Data", "Src\TSBot.Data\TSBot.Data.csproj", "{106555C6-D827-41DB-82A2-0B47923B6BF9}"
EndProject
Project("{9A19103F-16F7-4668-BE54-9A1E7A4F7556}") = "TSBot.Serviсes", "Src\TSBot.Servies\TSBot.Serviсes.csproj", "{2F8C27BA-8E49-4A1B-B278-5ACFE468013E}"
EndProject
Project("{2150E333-8FDC-42A3-9474-1A3956D46DE8}") = "Src", "Src", "{44351B0D-6D8E-4231-8AC4-121F00FBB08F}"
EndProject
Project("{2150E333-8FDC-42A3-9474-1A3956D46DE8}") = "Solution Items", "Solution Items", "{A732C390-B56C-437F-9037-E5BDF027C05C}"
	ProjectSection(SolutionItems) = preProject
		.editorconfig = .editorconfig
		.gitattributes = .gitattributes
		.gitignore = .gitignore
	EndProjectSection
EndProject
Project("{2150E333-8FDC-42A3-9474-1A3956D46DE8}") = "Docs", "Docs", "{158FA868-5933-4C3D-9F17-22819FFCE01C}"
EndProject
Project("{2150E333-8FDC-42A3-9474-1A3956D46DE8}") = "Tests", "Tests", "{32B41D0D-BED1-4BC9-B076-81039A30CB02}"
EndProject
Project("{9A19103F-16F7-4668-BE54-9A1E7A4F7556}") = "TSBot.Test.Services", "Tests\TestProject1\TSBot.Test.Services.csproj", "{A5D5168B-0346-46FF-AE1F-59965FCE7A8C}"
EndProject
Project("{9A19103F-16F7-4668-BE54-9A1E7A4F7556}") = "TSBot.TelegramUI", "Src\TSBot.TelegramUI\TSBot.TelegramUI.csproj", "{F39783D8-CD69-4F84-839D-F6078CF8E407}"
EndProject
Global
	GlobalSection(SolutionConfigurationPlatforms) = preSolution
		Debug|Any CPU = Debug|Any CPU
		Release|Any CPU = Release|Any CPU
	EndGlobalSection
	GlobalSection(ProjectConfigurationPlatforms) = postSolution
		{106555C6-D827-41DB-82A2-0B47923B6BF9}.Debug|Any CPU.ActiveCfg = Debug|Any CPU
		{106555C6-D827-41DB-82A2-0B47923B6BF9}.Debug|Any CPU.Build.0 = Debug|Any CPU
		{106555C6-D827-41DB-82A2-0B47923B6BF9}.Release|Any CPU.ActiveCfg = Release|Any CPU
		{106555C6-D827-41DB-82A2-0B47923B6BF9}.Release|Any CPU.Build.0 = Release|Any CPU
		{2F8C27BA-8E49-4A1B-B278-5ACFE468013E}.Debug|Any CPU.ActiveCfg = Debug|Any CPU
		{2F8C27BA-8E49-4A1B-B278-5ACFE468013E}.Debug|Any CPU.Build.0 = Debug|Any CPU
		{2F8C27BA-8E49-4A1B-B278-5ACFE468013E}.Release|Any CPU.ActiveCfg = Release|Any CPU
		{2F8C27BA-8E49-4A1B-B278-5ACFE468013E}.Release|Any CPU.Build.0 = Release|Any CPU
		{A5D5168B-0346-46FF-AE1F-59965FCE7A8C}.Debug|Any CPU.ActiveCfg = Debug|Any CPU
		{A5D5168B-0346-46FF-AE1F-59965FCE7A8C}.Debug|Any CPU.Build.0 = Debug|Any CPU
		{A5D5168B-0346-46FF-AE1F-59965FCE7A8C}.Release|Any CPU.ActiveCfg = Release|Any CPU
		{A5D5168B-0346-46FF-AE1F-59965FCE7A8C}.Release|Any CPU.Build.0 = Release|Any CPU
		{F39783D8-CD69-4F84-839D-F6078CF8E407}.Debug|Any CPU.ActiveCfg = Debug|Any CPU
		{F39783D8-CD69-4F84-839D-F6078CF8E407}.Debug|Any CPU.Build.0 = Debug|Any CPU
		{F39783D8-CD69-4F84-839D-F6078CF8E407}.Release|Any CPU.ActiveCfg = Release|Any CPU
		{F39783D8-CD69-4F84-839D-F6078CF8E407}.Release|Any CPU.Build.0 = Release|Any CPU
	EndGlobalSection
	GlobalSection(SolutionProperties) = preSolution
		HideSolutionNode = FALSE
	EndGlobalSection
	GlobalSection(NestedProjects) = preSolution
		{106555C6-D827-41DB-82A2-0B47923B6BF9} = {44351B0D-6D8E-4231-8AC4-121F00FBB08F}
		{2F8C27BA-8E49-4A1B-B278-5ACFE468013E} = {44351B0D-6D8E-4231-8AC4-121F00FBB08F}
		{A5D5168B-0346-46FF-AE1F-59965FCE7A8C} = {32B41D0D-BED1-4BC9-B076-81039A30CB02}
		{F39783D8-CD69-4F84-839D-F6078CF8E407} = {44351B0D-6D8E-4231-8AC4-121F00FBB08F}
	EndGlobalSection
	GlobalSection(ExtensibilityGlobals) = postSolution
		SolutionGuid = {B70861CE-F2E1-4F3D-A9CD-5F0D3C07D324}
	EndGlobalSection
EndGlobal
