
Microsoft Visual Studio Solution File, Format Version 12.00
# Visual Studio Version 16
VisualStudioVersion = 16.0.30611.23
MinimumVisualStudioVersion = 10.0.40219.1
Project("{9A19103F-16F7-4668-BE54-9A1E7A4F7556}") = "TSBot.Entities", "Src\TSBot.Entities\TSBot.Entities.csproj", "{DBCFE4E4-2994-4827-96E4-831C5BD1F107}"
EndProject
Project("{9A19103F-16F7-4668-BE54-9A1E7A4F7556}") = "TSBot.Data", "Src\TSBot.Data\TSBot.Data.csproj", "{106555C6-D827-41DB-82A2-0B47923B6BF9}"
EndProject
Project("{9A19103F-16F7-4668-BE54-9A1E7A4F7556}") = "TSBot.Domain", "Src\TSBot.Domain\TSBot.Domain.csproj", "{159AB074-9457-4A06-A534-25F67EFC9C29}"
EndProject
Project("{9A19103F-16F7-4668-BE54-9A1E7A4F7556}") = "TSBot.Servies", "Src\TSBot.Servies\TSBot.Servies.csproj", "{2F8C27BA-8E49-4A1B-B278-5ACFE468013E}"
EndProject
Project("{2150E333-8FDC-42A3-9474-1A3956D46DE8}") = "Src", "Src", "{44351B0D-6D8E-4231-8AC4-121F00FBB08F}"
EndProject
Project("{2150E333-8FDC-42A3-9474-1A3956D46DE8}") = "Solution Items", "Solution Items", "{A732C390-B56C-437F-9037-E5BDF027C05C}"
	ProjectSection(SolutionItems) = preProject
		.editorconfig = .editorconfig
		.gitattributes = .gitattributes
		.gitignore = .gitignore
	EndProjectSection
EndProject
Project("{2150E333-8FDC-42A3-9474-1A3956D46DE8}") = "Docs", "Docs", "{158FA868-5933-4C3D-9F17-22819FFCE01C}"
EndProject
Project("{9A19103F-16F7-4668-BE54-9A1E7A4F7556}") = "TelegramUI", "Src\TelegramUI\TelegramUI.csproj", "{930CA339-CBFE-4F2F-BC5C-79A144830B8B}"
EndProject
Global
	GlobalSection(SolutionConfigurationPlatforms) = preSolution
		Debug|Any CPU = Debug|Any CPU
		Release|Any CPU = Release|Any CPU
	EndGlobalSection
	GlobalSection(ProjectConfigurationPlatforms) = postSolution
		{DBCFE4E4-2994-4827-96E4-831C5BD1F107}.Debug|Any CPU.ActiveCfg = Debug|Any CPU
		{DBCFE4E4-2994-4827-96E4-831C5BD1F107}.Debug|Any CPU.Build.0 = Debug|Any CPU
		{DBCFE4E4-2994-4827-96E4-831C5BD1F107}.Release|Any CPU.ActiveCfg = Release|Any CPU
		{DBCFE4E4-2994-4827-96E4-831C5BD1F107}.Release|Any CPU.Build.0 = Release|Any CPU
		{106555C6-D827-41DB-82A2-0B47923B6BF9}.Debug|Any CPU.ActiveCfg = Debug|Any CPU
		{106555C6-D827-41DB-82A2-0B47923B6BF9}.Debug|Any CPU.Build.0 = Debug|Any CPU
		{106555C6-D827-41DB-82A2-0B47923B6BF9}.Release|Any CPU.ActiveCfg = Release|Any CPU
		{106555C6-D827-41DB-82A2-0B47923B6BF9}.Release|Any CPU.Build.0 = Release|Any CPU
		{159AB074-9457-4A06-A534-25F67EFC9C29}.Debug|Any CPU.ActiveCfg = Debug|Any CPU
		{159AB074-9457-4A06-A534-25F67EFC9C29}.Debug|Any CPU.Build.0 = Debug|Any CPU
		{159AB074-9457-4A06-A534-25F67EFC9C29}.Release|Any CPU.ActiveCfg = Release|Any CPU
		{159AB074-9457-4A06-A534-25F67EFC9C29}.Release|Any CPU.Build.0 = Release|Any CPU
		{2F8C27BA-8E49-4A1B-B278-5ACFE468013E}.Debug|Any CPU.ActiveCfg = Debug|Any CPU
		{2F8C27BA-8E49-4A1B-B278-5ACFE468013E}.Debug|Any CPU.Build.0 = Debug|Any CPU
		{2F8C27BA-8E49-4A1B-B278-5ACFE468013E}.Release|Any CPU.ActiveCfg = Release|Any CPU
		{2F8C27BA-8E49-4A1B-B278-5ACFE468013E}.Release|Any CPU.Build.0 = Release|Any CPU
		{930CA339-CBFE-4F2F-BC5C-79A144830B8B}.Debug|Any CPU.ActiveCfg = Debug|Any CPU
		{930CA339-CBFE-4F2F-BC5C-79A144830B8B}.Debug|Any CPU.Build.0 = Debug|Any CPU
		{930CA339-CBFE-4F2F-BC5C-79A144830B8B}.Release|Any CPU.ActiveCfg = Release|Any CPU
		{930CA339-CBFE-4F2F-BC5C-79A144830B8B}.Release|Any CPU.Build.0 = Release|Any CPU
	EndGlobalSection
	GlobalSection(SolutionProperties) = preSolution
		HideSolutionNode = FALSE
	EndGlobalSection
	GlobalSection(NestedProjects) = preSolution
		{DBCFE4E4-2994-4827-96E4-831C5BD1F107} = {44351B0D-6D8E-4231-8AC4-121F00FBB08F}
		{106555C6-D827-41DB-82A2-0B47923B6BF9} = {44351B0D-6D8E-4231-8AC4-121F00FBB08F}
		{159AB074-9457-4A06-A534-25F67EFC9C29} = {44351B0D-6D8E-4231-8AC4-121F00FBB08F}
		{2F8C27BA-8E49-4A1B-B278-5ACFE468013E} = {44351B0D-6D8E-4231-8AC4-121F00FBB08F}
		{930CA339-CBFE-4F2F-BC5C-79A144830B8B} = {44351B0D-6D8E-4231-8AC4-121F00FBB08F}
	EndGlobalSection
	GlobalSection(ExtensibilityGlobals) = postSolution
		SolutionGuid = {B70861CE-F2E1-4F3D-A9CD-5F0D3C07D324}
	EndGlobalSection
EndGlobal
